Microsoft Visual Studio Solution File, Format Version 12.00
# Visual Studio Version 17
VisualStudioVersion = 17.0.31912.275
MinimumVisualStudioVersion = 10.0.40219.1
Project("{FAE04EC0-301F-11D3-BF4B-00C04F79EFBC}") = "ImplementArticleEntitiy.Api", "src\ImplementArticleEntitiy.Api\ImplementArticleEntitiy.Api.csproj", "{GUID-API-PROJECT}"
EndProject
Project("{FAE04EC0-301F-11D3-BF4B-00C04F79EFBC}") = "ImplementArticleEntitiy.Domain", "src\ImplementArticleEntitiy.Domain\ImplementArticleEntitiy.Domain.csproj", "{GUID-DOMAIN-PROJECT}"
EndProject
Project("{FAE04EC0-301F-11D3-BF4B-00C04F79EFBC}") = "ImplementArticleEntitiy.Application", "src\ImplementArticleEntitiy.Application\ImplementArticleEntitiy.Application.csproj", "{GUID-APPLICATION-PROJECT}"
EndProject
Project("{FAE04EC0-301F-11D3-BF4B-00C04F79EFBC}") = "ImplementArticleEntitiy.Infrastructure", "src\ImplementArticleEntitiy.Infrastructure\ImplementArticleEntitiy.Infrastructure.csproj", "{GUID-INFRASTRUCTURE-PROJECT}"
EndProject
Project("{FAE04EC0-301F-11D3-BF4B-00C04F79EFBC}") = "ImplementArticleEntitiy.Tests", "tests\ImplementArticleEntitiy.Tests\ImplementArticleEntitiy.Tests.csproj", "{GUID-TESTS-PROJECT}"
EndProject
Global
	GlobalSection(SolutionConfigurationPlatforms) = preSolution
		Debug|Any CPU = Debug|Any CPU
		Release|Any CPU = Release|Any CPU
	EndGlobalSection
	GlobalSection(ProjectConfigurationPlatforms) = postSolution
		{GUID-API-PROJECT}.Debug|Any CPU.ActiveCfg = Debug|Any CPU
		{GUID-API-PROJECT}.Debug|Any CPU.Build.0 = Debug|Any CPU
		{GUID-API-PROJECT}.Release|Any CPU.ActiveCfg = Release|Any CPU
		{GUID-API-PROJECT}.Release|Any CPU.Build.0 = Release|Any CPU
		{GUID-DOMAIN-PROJECT}.Debug|Any CPU.ActiveCfg = Debug|Any CPU
		{GUID-DOMAIN-PROJECT}.Debug|Any CPU.Build.0 = Debug|Any CPU
		{GUID-DOMAIN-PROJECT}.Release|Any CPU.ActiveCfg = Release|Any CPU
		{GUID-DOMAIN-PROJECT}.Release|Any CPU.Build.0 = Release|Any CPU
		{GUID-APPLICATION-PROJECT}.Debug|Any CPU.ActiveCfg = Debug|Any CPU
		{GUID-APPLICATION-PROJECT}.Debug|Any CPU.Build.0 = Debug|Any CPU
		{GUID-APPLICATION-PROJECT}.Release|Any CPU.ActiveCfg = Release|Any CPU
		{GUID-APPLICATION-PROJECT}.Release|Any CPU.Build.0 = Release|Any CPU
		{GUID-INFRASTRUCTURE-PROJECT}.Debug|Any CPU.ActiveCfg = Debug|Any CPU
		{GUID-INFRASTRUCTURE-PROJECT}.Debug|Any CPU.Build.0 = Debug|Any CPU
		{GUID-INFRASTRUCTURE-PROJECT}.Release|Any CPU.ActiveCfg = Release|Any CPU
		{GUID-INFRASTRUCTURE-PROJECT}.Release|Any CPU.Build.0 = Release|Any CPU
		{GUID-TESTS-PROJECT}.Debug|Any CPU.ActiveCfg = Debug|Any CPU
		{GUID-TESTS-PROJECT}.Debug|Any CPU.Build.0 = Debug|Any CPU
		{GUID-TESTS-PROJECT}.Release|Any CPU.ActiveCfg = Release|Any CPU
		{GUID-TESTS-PROJECT}.Release|Any CPU.Build.0 = Release|Any CPU
	EndGlobalSection
	GlobalSection(SolutionProperties) = preSolution
		HideSolutionNode = FALSE
	EndGlobalSection
	GlobalSection(ExtensibilityGlobals) = postSolution
		SolutionGuid = {GUID-SOLUTION}
	EndGlobalSection
EndGlobal