Microsoft Visual Studio Solution File, Format Version 12.00
# Visual Studio Version 17
VisualStudioVersion = 17.0.31912.275
MinimumVisualStudioVersion = 10.0.40219.1
Project("{FAE04EC0-301F-11D3-BF4B-00C04F79EFBC}") = "CreateUserEnityInTheExistingDbContext.Api", "src\CreateUserEnityInTheExistingDbContext.Api\CreateUserEnityInTheExistingDbContext.Api.csproj", "{B1A1E5C1-1F3E-4D4A-8A2B-1D7E1A6B4E2F}"
EndProject
Project("{FAE04EC0-301F-11D3-BF4B-00C04F79EFBC}") = "CreateUserEnityInTheExistingDbContext.Domain", "src\CreateUserEnityInTheExistingDbContext.Domain\CreateUserEnityInTheExistingDbContext.Domain.csproj", "{C2B2E6D2-2F4F-4D5B-9A3C-2E8F2B7C5F3D}"
EndProject
Project("{FAE04EC0-301F-11D3-BF4B-00C04F79EFBC}") = "CreateUserEnityInTheExistingDbContext.Application", "src\CreateUserEnityInTheExistingDbContext.Application\CreateUserEnityInTheExistingDbContext.Application.csproj", "{D3C3F7E3-3F5F-4E6C-AB4D-3F9F3C8D6F4E}"
EndProject
Project("{FAE04EC0-301F-11D3-BF4B-00C04F79EFBC}") = "CreateUserEnityInTheExistingDbContext.Infrastructure", "src\CreateUserEnityInTheExistingDbContext.Infrastructure\CreateUserEnityInTheExistingDbContext.Infrastructure.csproj", "{E4D4F8F4-4F6F-4F7D-BC5E-4FAF4D9E7F5F}"
EndProject
Project("{FAE04EC0-301F-11D3-BF4B-00C04F79EFBC}") = "CreateUserEnityInTheExistingDbContext.Tests", "tests\CreateUserEnityInTheExistingDbContext.Tests\CreateUserEnityInTheExistingDbContext.Tests.csproj", "{F5E5F9F5-5F7F-4F8E-CD6F-5FBF5E0F8F6F}"
EndProject
Global
	GlobalSection(SolutionConfigurationPlatforms) = preSolution
		Debug|Any CPU = Debug|Any CPU
		Release|Any CPU = Release|Any CPU
	EndGlobalSection
	GlobalSection(ProjectConfigurationPlatforms) = postSolution
		{B1A1E5C1-1F3E-4D4A-8A2B-1D7E1A6B4E2F}.Debug|Any CPU.ActiveCfg = Debug|Any CPU
		{B1A1E5C1-1F3E-4D4A-8A2B-1D7E1A6B4E2F}.Debug|Any CPU.Build.0 = Debug|Any CPU
		{B1A1E5C1-1F3E-4D4A-8A2B-1D7E1A6B4E2F}.Release|Any CPU.ActiveCfg = Release|Any CPU
		{B1A1E5C1-1F3E-4D4A-8A2B-1D7E1A6B4E2F}.Release|Any CPU.Build.0 = Release|Any CPU
		{C2B2E6D2-2F4F-4D5B-9A3C-2E8F2B7C5F3D}.Debug|Any CPU.ActiveCfg = Debug|Any CPU
		{C2B2E6D2-2F4F-4D5B-9A3C-2E8F2B7C5F3D}.Debug|Any CPU.Build.0 = Debug|Any CPU
		{C2B2E6D2-2F4F-4D5B-9A3C-2E8F2B7C5F3D}.Release|Any CPU.ActiveCfg = Release|Any CPU
		{C2B2E6D2-2F4F-4D5B-9A3C-2E8F2B7C5F3D}.Release|Any CPU.Build.0 = Release|Any CPU
		{D3C3F7E3-3F5F-4E6C-AB4D-3F9F3C8D6F4E}.Debug|Any CPU.ActiveCfg = Debug|Any CPU
		{D3C3F7E3-3F5F-4E6C-AB4D-3F9F3C8D6F4E}.Debug|Any CPU.Build.0 = Debug|Any CPU
		{D3C3F7E3-3F5F-4E6C-AB4D-3F9F3C8D6F4E}.Release|Any CPU.ActiveCfg = Release|Any CPU
		{D3C3F7E3-3F5F-4E6C-AB4D-3F9F3C8D6F4E}.Release|Any CPU.Build.0 = Release|Any CPU
		{E4D4F8F4-4F6F-4F7D-BC5E-4FAF4D9E7F5F}.Debug|Any CPU.ActiveCfg = Debug|Any CPU
		{E4D4F8F4-4F6F-4F7D-BC5E-4FAF4D9E7F5F}.Debug|Any CPU.Build.0 = Debug|Any CPU
		{E4D4F8F4-4F6F-4F7D-BC5E-4FAF4D9E7F5F}.Release|Any CPU.ActiveCfg = Release|Any CPU
		{E4D4F8F4-4F6F-4F7D-BC5E-4FAF4D9E7F5F}.Release|Any CPU.Build.0 = Release|Any CPU
		{F5E5F9F5-5F7F-4F8E-CD6F-5FBF5E0F8F6F}.Debug|Any CPU.ActiveCfg = Debug|Any CPU
		{F5E5F9F5-5F7F-4F8E-CD6F-5FBF5E0F8F6F}.Debug|Any CPU.Build.0 = Debug|Any CPU
		{F5E5F9F5-5F7F-4F8E-CD6F-5FBF5E0F8F6F}.Release|Any CPU.ActiveCfg = Release|Any CPU
		{F5E5F9F5-5F7F-4F8E-CD6F-5FBF5E0F8F6F}.Release|Any CPU.Build.0 = Release|Any CPU
	EndGlobalSection
	GlobalSection(SolutionProperties) = preSolution
		HideSolutionNode = FALSE
	EndGlobalSection
EndGlobal